
Microsoft Visual Studio Solution File, Format Version 12.00
# Visual Studio Version 17
VisualStudioVersion = 17.8.34330.188
MinimumVisualStudioVersion = 10.0.40219.1
Project("{FAE04EC0-301F-11D3-BF4B-00C04F79EFBC}") = "PickACardUI", "PickACardUI\PickACardUI.csproj", "{9DBB22C0-4F39-4F8B-839E-37D2962BE1DE}"
EndProject
Global
	GlobalSection(SolutionConfigurationPlatforms) = preSolution
		Debug|Any CPU = Debug|Any CPU
		Release|Any CPU = Release|Any CPU
	EndGlobalSection
	GlobalSection(ProjectConfigurationPlatforms) = postSolution
		{9DBB22C0-4F39-4F8B-839E-37D2962BE1DE}.Debug|Any CPU.ActiveCfg = Debug|Any CPU
		{9DBB22C0-4F39-4F8B-839E-37D2962BE1DE}.Debug|Any CPU.Build.0 = Debug|Any CPU
		{9DBB22C0-4F39-4F8B-839E-37D2962BE1DE}.Release|Any CPU.ActiveCfg = Release|Any CPU
		{9DBB22C0-4F39-4F8B-839E-37D2962BE1DE}.Release|Any CPU.Build.0 = Release|Any CPU
	EndGlobalSection
	GlobalSection(SolutionProperties) = preSolution
		HideSolutionNode = FALSE
	EndGlobalSection
	GlobalSection(ExtensibilityGlobals) = postSolution
		SolutionGuid = {BEEBC224-1971-450F-B711-EA6AD8E3FD9F}
	EndGlobalSection
EndGlobal
